
Microsoft Visual Studio Solution File, Format Version 12.00
# Visual Studio Version 17
VisualStudioVersion = 17.3.32929.385
MinimumVisualStudioVersion = 10.0.40219.1
Project("{9A19103F-16F7-4668-BE54-9A1E7A4F7556}") = "FastType", "FastType.csproj", "{157A85DC-E06F-440C-9C28-35AD60402380}"
EndProject
Global
	GlobalSection(SolutionConfigurationPlatforms) = preSolution
		Debug|Any CPU = Debug|Any CPU
		Release|Any CPU = Release|Any CPU
	EndGlobalSection
	GlobalSection(ProjectConfigurationPlatforms) = postSolution
		{157A85DC-E06F-440C-9C28-35AD60402380}.Debug|Any CPU.ActiveCfg = Debug|Any CPU
		{157A85DC-E06F-440C-9C28-35AD60402380}.Debug|Any CPU.Build.0 = Debug|Any CPU
		{157A85DC-E06F-440C-9C28-35AD60402380}.Release|Any CPU.ActiveCfg = Release|Any CPU
		{157A85DC-E06F-440C-9C28-35AD60402380}.Release|Any CPU.Build.0 = Release|Any CPU
	EndGlobalSection
	GlobalSection(SolutionProperties) = preSolution
		HideSolutionNode = FALSE
	EndGlobalSection
	GlobalSection(ExtensibilityGlobals) = postSolution
		SolutionGuid = {9E157089-8FFD-488C-A3F1-91EC0267C7D4}
	EndGlobalSection
EndGlobal
